
Microsoft Visual Studio Solution File, Format Version 12.00
# Visual Studio Version 17
VisualStudioVersion = 17.8.34330.188
MinimumVisualStudioVersion = 10.0.40219.1
Project("{FAE04EC0-301F-11D3-BF4B-00C04F79EFBC}") = "WebApplication2", "WebApplication2.csproj", "{FD0EE7BA-049F-4ED5-AE45-D26AF4C87260}"
EndProject
Global
	GlobalSection(SolutionConfigurationPlatforms) = preSolution
		Debug|Any CPU = Debug|Any CPU
		Release|Any CPU = Release|Any CPU
	EndGlobalSection
	GlobalSection(ProjectConfigurationPlatforms) = postSolution
		{FD0EE7BA-049F-4ED5-AE45-D26AF4C87260}.Debug|Any CPU.ActiveCfg = Debug|Any CPU
		{FD0EE7BA-049F-4ED5-AE45-D26AF4C87260}.Debug|Any CPU.Build.0 = Debug|Any CPU
		{FD0EE7BA-049F-4ED5-AE45-D26AF4C87260}.Release|Any CPU.ActiveCfg = Release|Any CPU
		{FD0EE7BA-049F-4ED5-AE45-D26AF4C87260}.Release|Any CPU.Build.0 = Release|Any CPU
	EndGlobalSection
	GlobalSection(SolutionProperties) = preSolution
		HideSolutionNode = FALSE
	EndGlobalSection
	GlobalSection(ExtensibilityGlobals) = postSolution
		SolutionGuid = {ABA35D6F-7578-4546-A952-8E11F28987E0}
	EndGlobalSection
EndGlobal
